
Microsoft Visual Studio Solution File, Format Version 12.00
# Visual Studio Version 16
VisualStudioVersion = 16.0.29326.143
MinimumVisualStudioVersion = 10.0.40219.1
Project("{FAE04EC0-301F-11D3-BF4B-00C04F79EFBC}") = "WebApi_Makale", "WebApi_Makale\WebApi_Makale.csproj", "{7DDEEFAA-482E-453D-9BE6-F8604E78BC0B}"
EndProject
Project("{FAE04EC0-301F-11D3-BF4B-00C04F79EFBC}") = "WebApi_Client", "WebApi_Client\WebApi_Client.csproj", "{B27CD60A-F8D6-467C-A431-B2669F05FEAE}"
EndProject
Global
	GlobalSection(SolutionConfigurationPlatforms) = preSolution
		Debug|Any CPU = Debug|Any CPU
		Release|Any CPU = Release|Any CPU
	EndGlobalSection
	GlobalSection(ProjectConfigurationPlatforms) = postSolution
		{7DDEEFAA-482E-453D-9BE6-F8604E78BC0B}.Debug|Any CPU.ActiveCfg = Debug|Any CPU
		{7DDEEFAA-482E-453D-9BE6-F8604E78BC0B}.Debug|Any CPU.Build.0 = Debug|Any CPU
		{7DDEEFAA-482E-453D-9BE6-F8604E78BC0B}.Release|Any CPU.ActiveCfg = Release|Any CPU
		{7DDEEFAA-482E-453D-9BE6-F8604E78BC0B}.Release|Any CPU.Build.0 = Release|Any CPU
		{B27CD60A-F8D6-467C-A431-B2669F05FEAE}.Debug|Any CPU.ActiveCfg = Debug|Any CPU
		{B27CD60A-F8D6-467C-A431-B2669F05FEAE}.Debug|Any CPU.Build.0 = Debug|Any CPU
		{B27CD60A-F8D6-467C-A431-B2669F05FEAE}.Release|Any CPU.ActiveCfg = Release|Any CPU
		{B27CD60A-F8D6-467C-A431-B2669F05FEAE}.Release|Any CPU.Build.0 = Release|Any CPU
	EndGlobalSection
	GlobalSection(SolutionProperties) = preSolution
		HideSolutionNode = FALSE
	EndGlobalSection
	GlobalSection(ExtensibilityGlobals) = postSolution
		SolutionGuid = {47A7C3BC-493C-418C-9BD0-D587863C2460}
	EndGlobalSection
EndGlobal
